
Microsoft Visual Studio Solution File, Format Version 12.00
# Visual Studio 15
VisualStudioVersion = 15.0.28010.2046
MinimumVisualStudioVersion = 10.0.40219.1
Project("{2150E333-8FDC-42A3-9474-1A3956D46DE8}") = "1_Domain", "1_Domain", "{DCB4D425-C4AE-4D7C-9E30-65D828A979B0}"
EndProject
Project("{9A19103F-16F7-4668-BE54-9A1E7A4F7556}") = "ProvCli.Domain", "ProvCli.Domain\ProvCli.Domain.csproj", "{09E4EB10-7CB0-4E36-BD9D-56F52396C70F}"
EndProject
Project("{9A19103F-16F7-4668-BE54-9A1E7A4F7556}") = "ProvCli.Domain.Tests", "ProvCli.Domain.Tests\ProvCli.Domain.Tests.csproj", "{E033B158-3BD1-4FCD-8E0A-733CFCA23F29}"
EndProject
Project("{2150E333-8FDC-42A3-9474-1A3956D46DE8}") = "2_Application", "2_Application", "{F4D36CC4-5E13-44E6-8512-D1B6C3C79CC5}"
EndProject
Project("{9A19103F-16F7-4668-BE54-9A1E7A4F7556}") = "ProvCli.Application", "ProvCli.Application\ProvCli.Application.csproj", "{A60511E3-9658-45BC-908D-ABB222598E30}"
EndProject
Project("{FAE04EC0-301F-11D3-BF4B-00C04F79EFBC}") = "ProvCli.Application.Contracts", "ProvCli.Application.Contracts\ProvCli.Application.Contracts.csproj", "{46F0AEA9-8FD5-4AA1-8439-4679A87DD82C}"
EndProject
Project("{2150E333-8FDC-42A3-9474-1A3956D46DE8}") = "5_Presentation", "5_Presentation", "{C8BCEF18-17DD-4B3F-A12C-013C7AA1EE6A}"
EndProject
Project("{FAE04EC0-301F-11D3-BF4B-00C04F79EFBC}") = "ProvCli.Api", "ProvCli.Api\ProvCli.Api.csproj", "{A3109C8C-DADC-4E88-9266-D140F66C9FA6}"
EndProject
Project("{2150E333-8FDC-42A3-9474-1A3956D46DE8}") = "0_CrossCutting", "0_CrossCutting", "{BD157852-A0F3-4AD3-8354-F4E005BE5CEB}"
EndProject
Project("{FAE04EC0-301F-11D3-BF4B-00C04F79EFBC}") = "ProvCli.CrossCutting", "ProvCli.CrossCutting\ProvCli.CrossCutting.csproj", "{18178B2C-091B-458F-99C2-14FDEC3D2415}"
EndProject
Global
	GlobalSection(SolutionConfigurationPlatforms) = preSolution
		Debug|Any CPU = Debug|Any CPU
		Release|Any CPU = Release|Any CPU
	EndGlobalSection
	GlobalSection(ProjectConfigurationPlatforms) = postSolution
		{09E4EB10-7CB0-4E36-BD9D-56F52396C70F}.Debug|Any CPU.ActiveCfg = Debug|Any CPU
		{09E4EB10-7CB0-4E36-BD9D-56F52396C70F}.Debug|Any CPU.Build.0 = Debug|Any CPU
		{09E4EB10-7CB0-4E36-BD9D-56F52396C70F}.Release|Any CPU.ActiveCfg = Release|Any CPU
		{09E4EB10-7CB0-4E36-BD9D-56F52396C70F}.Release|Any CPU.Build.0 = Release|Any CPU
		{E033B158-3BD1-4FCD-8E0A-733CFCA23F29}.Debug|Any CPU.ActiveCfg = Debug|Any CPU
		{E033B158-3BD1-4FCD-8E0A-733CFCA23F29}.Debug|Any CPU.Build.0 = Debug|Any CPU
		{E033B158-3BD1-4FCD-8E0A-733CFCA23F29}.Release|Any CPU.ActiveCfg = Release|Any CPU
		{E033B158-3BD1-4FCD-8E0A-733CFCA23F29}.Release|Any CPU.Build.0 = Release|Any CPU
		{A60511E3-9658-45BC-908D-ABB222598E30}.Debug|Any CPU.ActiveCfg = Debug|Any CPU
		{A60511E3-9658-45BC-908D-ABB222598E30}.Debug|Any CPU.Build.0 = Debug|Any CPU
		{A60511E3-9658-45BC-908D-ABB222598E30}.Release|Any CPU.ActiveCfg = Release|Any CPU
		{A60511E3-9658-45BC-908D-ABB222598E30}.Release|Any CPU.Build.0 = Release|Any CPU
		{46F0AEA9-8FD5-4AA1-8439-4679A87DD82C}.Debug|Any CPU.ActiveCfg = Debug|Any CPU
		{46F0AEA9-8FD5-4AA1-8439-4679A87DD82C}.Debug|Any CPU.Build.0 = Debug|Any CPU
		{46F0AEA9-8FD5-4AA1-8439-4679A87DD82C}.Release|Any CPU.ActiveCfg = Release|Any CPU
		{46F0AEA9-8FD5-4AA1-8439-4679A87DD82C}.Release|Any CPU.Build.0 = Release|Any CPU
		{A3109C8C-DADC-4E88-9266-D140F66C9FA6}.Debug|Any CPU.ActiveCfg = Debug|Any CPU
		{A3109C8C-DADC-4E88-9266-D140F66C9FA6}.Debug|Any CPU.Build.0 = Debug|Any CPU
		{A3109C8C-DADC-4E88-9266-D140F66C9FA6}.Release|Any CPU.ActiveCfg = Release|Any CPU
		{A3109C8C-DADC-4E88-9266-D140F66C9FA6}.Release|Any CPU.Build.0 = Release|Any CPU
		{18178B2C-091B-458F-99C2-14FDEC3D2415}.Debug|Any CPU.ActiveCfg = Debug|Any CPU
		{18178B2C-091B-458F-99C2-14FDEC3D2415}.Debug|Any CPU.Build.0 = Debug|Any CPU
		{18178B2C-091B-458F-99C2-14FDEC3D2415}.Release|Any CPU.ActiveCfg = Release|Any CPU
		{18178B2C-091B-458F-99C2-14FDEC3D2415}.Release|Any CPU.Build.0 = Release|Any CPU
	EndGlobalSection
	GlobalSection(SolutionProperties) = preSolution
		HideSolutionNode = FALSE
	EndGlobalSection
	GlobalSection(NestedProjects) = preSolution
		{09E4EB10-7CB0-4E36-BD9D-56F52396C70F} = {DCB4D425-C4AE-4D7C-9E30-65D828A979B0}
		{E033B158-3BD1-4FCD-8E0A-733CFCA23F29} = {DCB4D425-C4AE-4D7C-9E30-65D828A979B0}
		{A60511E3-9658-45BC-908D-ABB222598E30} = {F4D36CC4-5E13-44E6-8512-D1B6C3C79CC5}
		{46F0AEA9-8FD5-4AA1-8439-4679A87DD82C} = {F4D36CC4-5E13-44E6-8512-D1B6C3C79CC5}
		{A3109C8C-DADC-4E88-9266-D140F66C9FA6} = {C8BCEF18-17DD-4B3F-A12C-013C7AA1EE6A}
		{18178B2C-091B-458F-99C2-14FDEC3D2415} = {BD157852-A0F3-4AD3-8354-F4E005BE5CEB}
	EndGlobalSection
	GlobalSection(ExtensibilityGlobals) = postSolution
		SolutionGuid = {54B89FC2-E033-4415-8B0A-506648E8CE1D}
	EndGlobalSection
EndGlobal
